
Microsoft Visual Studio Solution File, Format Version 12.00
Project("{FAE04EC0-301F-11D3-BF4B-00C04F79EFBC}") = "Day1", "Day1\Day1.csproj", "{CF25A33F-0792-4CA1-9845-43EC5C03800A}"
EndProject
Project("{FAE04EC0-301F-11D3-BF4B-00C04F79EFBC}") = "Day2", "Day2\Day2.csproj", "{14CE91EA-B0BE-4AC6-AE8D-EB53399B1675}"
EndProject
Project("{FAE04EC0-301F-11D3-BF4B-00C04F79EFBC}") = "Day3", "Day3\Day3.csproj", "{224D82C0-4265-4BBD-8104-FE9B4DCF5480}"
EndProject
Project("{FAE04EC0-301F-11D3-BF4B-00C04F79EFBC}") = "Day4", "Day4\Day4.csproj", "{282BB089-9A5E-4050-AE20-0FDE5A234DB5}"
EndProject
Project("{FAE04EC0-301F-11D3-BF4B-00C04F79EFBC}") = "Day5", "Day5\Day5.csproj", "{7DBCF290-E8FC-40AF-B0C1-D8B60626DD99}"
EndProject
Project("{FAE04EC0-301F-11D3-BF4B-00C04F79EFBC}") = "Day6", "Day6\Day6.csproj", "{AE4CEF5F-3226-44D1-B481-26E9F9AD432B}"
EndProject
Project("{FAE04EC0-301F-11D3-BF4B-00C04F79EFBC}") = "Day7", "Day7\Day7.csproj", "{FFD2C938-C9A6-48FE-B7EB-15F71AECB793}"
EndProject
Project("{FAE04EC0-301F-11D3-BF4B-00C04F79EFBC}") = "Day8", "Day8\Day8.csproj", "{A1A64318-DEEA-4C8E-A4EE-15E05C555890}"
EndProject
Project("{FAE04EC0-301F-11D3-BF4B-00C04F79EFBC}") = "Day9", "Day9\Day9.csproj", "{CCCE070C-1C37-4526-A898-6C0FD2D4AA1A}"
EndProject
Project("{FAE04EC0-301F-11D3-BF4B-00C04F79EFBC}") = "Day10", "Day10\Day10.csproj", "{6A435CF2-ADAB-4155-991A-35514B587BDC}"
EndProject
Project("{FAE04EC0-301F-11D3-BF4B-00C04F79EFBC}") = "Day11", "Day11\Day11.csproj", "{41FCE2AA-D079-430A-B6BE-E9129F3257DE}"
EndProject
Global
	GlobalSection(SolutionConfigurationPlatforms) = preSolution
		Debug|Any CPU = Debug|Any CPU
		Release|Any CPU = Release|Any CPU
	EndGlobalSection
	GlobalSection(ProjectConfigurationPlatforms) = postSolution
		{D321D058-8E0D-4053-938C-075C3837E5BD}.Debug|Any CPU.ActiveCfg = Debug|Any CPU
		{D321D058-8E0D-4053-938C-075C3837E5BD}.Debug|Any CPU.Build.0 = Debug|Any CPU
		{D321D058-8E0D-4053-938C-075C3837E5BD}.Release|Any CPU.ActiveCfg = Release|Any CPU
		{D321D058-8E0D-4053-938C-075C3837E5BD}.Release|Any CPU.Build.0 = Release|Any CPU
		{CF25A33F-0792-4CA1-9845-43EC5C03800A}.Debug|Any CPU.ActiveCfg = Debug|Any CPU
		{CF25A33F-0792-4CA1-9845-43EC5C03800A}.Debug|Any CPU.Build.0 = Debug|Any CPU
		{CF25A33F-0792-4CA1-9845-43EC5C03800A}.Release|Any CPU.ActiveCfg = Release|Any CPU
		{CF25A33F-0792-4CA1-9845-43EC5C03800A}.Release|Any CPU.Build.0 = Release|Any CPU
		{14CE91EA-B0BE-4AC6-AE8D-EB53399B1675}.Debug|Any CPU.ActiveCfg = Debug|Any CPU
		{14CE91EA-B0BE-4AC6-AE8D-EB53399B1675}.Debug|Any CPU.Build.0 = Debug|Any CPU
		{14CE91EA-B0BE-4AC6-AE8D-EB53399B1675}.Release|Any CPU.ActiveCfg = Release|Any CPU
		{14CE91EA-B0BE-4AC6-AE8D-EB53399B1675}.Release|Any CPU.Build.0 = Release|Any CPU
		{224D82C0-4265-4BBD-8104-FE9B4DCF5480}.Debug|Any CPU.ActiveCfg = Debug|Any CPU
		{224D82C0-4265-4BBD-8104-FE9B4DCF5480}.Debug|Any CPU.Build.0 = Debug|Any CPU
		{224D82C0-4265-4BBD-8104-FE9B4DCF5480}.Release|Any CPU.ActiveCfg = Release|Any CPU
		{224D82C0-4265-4BBD-8104-FE9B4DCF5480}.Release|Any CPU.Build.0 = Release|Any CPU
		{282BB089-9A5E-4050-AE20-0FDE5A234DB5}.Debug|Any CPU.ActiveCfg = Debug|Any CPU
		{282BB089-9A5E-4050-AE20-0FDE5A234DB5}.Debug|Any CPU.Build.0 = Debug|Any CPU
		{282BB089-9A5E-4050-AE20-0FDE5A234DB5}.Release|Any CPU.ActiveCfg = Release|Any CPU
		{282BB089-9A5E-4050-AE20-0FDE5A234DB5}.Release|Any CPU.Build.0 = Release|Any CPU
		{7DBCF290-E8FC-40AF-B0C1-D8B60626DD99}.Debug|Any CPU.ActiveCfg = Debug|Any CPU
		{7DBCF290-E8FC-40AF-B0C1-D8B60626DD99}.Debug|Any CPU.Build.0 = Debug|Any CPU
		{7DBCF290-E8FC-40AF-B0C1-D8B60626DD99}.Release|Any CPU.ActiveCfg = Release|Any CPU
		{7DBCF290-E8FC-40AF-B0C1-D8B60626DD99}.Release|Any CPU.Build.0 = Release|Any CPU
		{AE4CEF5F-3226-44D1-B481-26E9F9AD432B}.Debug|Any CPU.ActiveCfg = Debug|Any CPU
		{AE4CEF5F-3226-44D1-B481-26E9F9AD432B}.Debug|Any CPU.Build.0 = Debug|Any CPU
		{AE4CEF5F-3226-44D1-B481-26E9F9AD432B}.Release|Any CPU.ActiveCfg = Release|Any CPU
		{AE4CEF5F-3226-44D1-B481-26E9F9AD432B}.Release|Any CPU.Build.0 = Release|Any CPU
		{FFD2C938-C9A6-48FE-B7EB-15F71AECB793}.Debug|Any CPU.ActiveCfg = Debug|Any CPU
		{FFD2C938-C9A6-48FE-B7EB-15F71AECB793}.Debug|Any CPU.Build.0 = Debug|Any CPU
		{FFD2C938-C9A6-48FE-B7EB-15F71AECB793}.Release|Any CPU.ActiveCfg = Release|Any CPU
		{FFD2C938-C9A6-48FE-B7EB-15F71AECB793}.Release|Any CPU.Build.0 = Release|Any CPU
		{A1A64318-DEEA-4C8E-A4EE-15E05C555890}.Debug|Any CPU.ActiveCfg = Debug|Any CPU
		{A1A64318-DEEA-4C8E-A4EE-15E05C555890}.Debug|Any CPU.Build.0 = Debug|Any CPU
		{A1A64318-DEEA-4C8E-A4EE-15E05C555890}.Release|Any CPU.ActiveCfg = Release|Any CPU
		{A1A64318-DEEA-4C8E-A4EE-15E05C555890}.Release|Any CPU.Build.0 = Release|Any CPU
		{CCCE070C-1C37-4526-A898-6C0FD2D4AA1A}.Debug|Any CPU.ActiveCfg = Debug|Any CPU
		{CCCE070C-1C37-4526-A898-6C0FD2D4AA1A}.Debug|Any CPU.Build.0 = Debug|Any CPU
		{CCCE070C-1C37-4526-A898-6C0FD2D4AA1A}.Release|Any CPU.ActiveCfg = Release|Any CPU
		{CCCE070C-1C37-4526-A898-6C0FD2D4AA1A}.Release|Any CPU.Build.0 = Release|Any CPU
		{6A435CF2-ADAB-4155-991A-35514B587BDC}.Debug|Any CPU.ActiveCfg = Debug|Any CPU
		{6A435CF2-ADAB-4155-991A-35514B587BDC}.Debug|Any CPU.Build.0 = Debug|Any CPU
		{6A435CF2-ADAB-4155-991A-35514B587BDC}.Release|Any CPU.ActiveCfg = Release|Any CPU
		{6A435CF2-ADAB-4155-991A-35514B587BDC}.Release|Any CPU.Build.0 = Release|Any CPU
		{41FCE2AA-D079-430A-B6BE-E9129F3257DE}.Debug|Any CPU.ActiveCfg = Debug|Any CPU
		{41FCE2AA-D079-430A-B6BE-E9129F3257DE}.Debug|Any CPU.Build.0 = Debug|Any CPU
		{41FCE2AA-D079-430A-B6BE-E9129F3257DE}.Release|Any CPU.ActiveCfg = Release|Any CPU
		{41FCE2AA-D079-430A-B6BE-E9129F3257DE}.Release|Any CPU.Build.0 = Release|Any CPU
	EndGlobalSection
EndGlobal
